
Microsoft Visual Studio Solution File, Format Version 12.00
# Visual Studio Version 16
VisualStudioVersion = 16.0.31112.23
MinimumVisualStudioVersion = 10.0.40219.1
Project("{FAE04EC0-301F-11D3-BF4B-00C04F79EFBC}") = "Create Tabel", "Create Tabel\Create Tabel.csproj", "{3C00D303-82FC-4E7F-A79C-97E8FA0D8541}"
EndProject
Global
	GlobalSection(SolutionConfigurationPlatforms) = preSolution
		Debug|Any CPU = Debug|Any CPU
		Release|Any CPU = Release|Any CPU
	EndGlobalSection
	GlobalSection(ProjectConfigurationPlatforms) = postSolution
		{3C00D303-82FC-4E7F-A79C-97E8FA0D8541}.Debug|Any CPU.ActiveCfg = Debug|Any CPU
		{3C00D303-82FC-4E7F-A79C-97E8FA0D8541}.Debug|Any CPU.Build.0 = Debug|Any CPU
		{3C00D303-82FC-4E7F-A79C-97E8FA0D8541}.Release|Any CPU.ActiveCfg = Release|Any CPU
		{3C00D303-82FC-4E7F-A79C-97E8FA0D8541}.Release|Any CPU.Build.0 = Release|Any CPU
	EndGlobalSection
	GlobalSection(SolutionProperties) = preSolution
		HideSolutionNode = FALSE
	EndGlobalSection
	GlobalSection(ExtensibilityGlobals) = postSolution
		SolutionGuid = {98C0C83A-B0F3-401E-B943-5E1D4B890712}
	EndGlobalSection
EndGlobal
